// !$*UTF8*$!
{
	archiveVersion = 1;
	classes = {
	};
	objectVersion = 46;
	objects = {

/* Begin PBXBuildFile section */
		0347BDE2195065D700634E6B /* HistroryPage.m in Sources */ = {isa = PBXBuildFile; fileRef = 0347BDE1195065D700634E6B /* HistroryPage.m */; };
		B573F2ED194C522200DF47C7 /* Foundation.framework in Frameworks */ = {isa = PBXBuildFile; fileRef = B573F2EC194C522200DF47C7 /* Foundation.framework */; };
		B573F2EF194C522200DF47C7 /* CoreGraphics.framework in Frameworks */ = {isa = PBXBuildFile; fileRef = B573F2EE194C522200DF47C7 /* CoreGraphics.framework */; };
		B573F2F1194C522200DF47C7 /* UIKit.framework in Frameworks */ = {isa = PBXBuildFile; fileRef = B573F2F0194C522200DF47C7 /* UIKit.framework */; };
		B573F2F7194C522300DF47C7 /* InfoPlist.strings in Resources */ = {isa = PBXBuildFile; fileRef = B573F2F5194C522300DF47C7 /* InfoPlist.strings */; };
		B573F2F9194C522300DF47C7 /* main.m in Sources */ = {isa = PBXBuildFile; fileRef = B573F2F8194C522300DF47C7 /* main.m */; };
		B573F2FD194C522300DF47C7 /* AppDelegate.m in Sources */ = {isa = PBXBuildFile; fileRef = B573F2FC194C522300DF47C7 /* AppDelegate.m */; };
		B573F300194C522300DF47C7 /* Main.storyboard in Resources */ = {isa = PBXBuildFile; fileRef = B573F2FE194C522300DF47C7 /* Main.storyboard */; };
		B573F303194C522300DF47C7 /* ViewController.m in Sources */ = {isa = PBXBuildFile; fileRef = B573F302194C522300DF47C7 /* ViewController.m */; };
		B573F305194C522300DF47C7 /* Images.xcassets in Resources */ = {isa = PBXBuildFile; fileRef = B573F304194C522300DF47C7 /* Images.xcassets */; };
		B573F30C194C522300DF47C7 /* XCTest.framework in Frameworks */ = {isa = PBXBuildFile; fileRef = B573F30B194C522300DF47C7 /* XCTest.framework */; };
		B573F30D194C522300DF47C7 /* Foundation.framework in Frameworks */ = {isa = PBXBuildFile; fileRef = B573F2EC194C522200DF47C7 /* Foundation.framework */; };
		B573F30E194C522300DF47C7 /* UIKit.framework in Frameworks */ = {isa = PBXBuildFile; fileRef = B573F2F0194C522200DF47C7 /* UIKit.framework */; };
		B573F316194C522300DF47C7 /* InfoPlist.strings in Resources */ = {isa = PBXBuildFile; fileRef = B573F314194C522300DF47C7 /* InfoPlist.strings */; };
		B573F318194C522300DF47C7 /* TestBrowserTests.m in Sources */ = {isa = PBXBuildFile; fileRef = B573F317194C522300DF47C7 /* TestBrowserTests.m */; };
/* End PBXBuildFile section */

/* Begin PBXContainerItemProxy section */
		B573F30F194C522300DF47C7 /* PBXContainerItemProxy */ = {
			isa = PBXContainerItemProxy;
			containerPortal = B573F2E1194C522200DF47C7 /* Project object */;
			proxyType = 1;
			remoteGlobalIDString = B573F2E8194C522200DF47C7;
			remoteInfo = TestBrowser;
		};
/* End PBXContainerItemProxy section */

/* Begin PBXFileReference section */
		0347BDE0195065D700634E6B /* HistroryPage.h */ = {isa = PBXFileReference; fileEncoding = 4; lastKnownFileType = sourcecode.c.h; path = HistroryPage.h; sourceTree = "<group>"; };
		0347BDE1195065D700634E6B /* HistroryPage.m */ = {isa = PBXFileReference; fileEncoding = 4; lastKnownFileType = sourcecode.c.objc; path = HistroryPage.m; sourceTree = "<group>"; };
		B573F2E9194C522200DF47C7 /* TestBrowser.app */ = {isa = PBXFileReference; explicitFileType = wrapper.application; includeInIndex = 0; path = TestBrowser.app; sourceTree = BUILT_PRODUCTS_DIR; };
		B573F2EC194C522200DF47C7 /* Foundation.framework */ = {isa = PBXFileReference; lastKnownFileType = wrapper.framework; name = Foundation.framework; path = System/Library/Frameworks/Foundation.framework; sourceTree = SDKROOT; };
		B573F2EE194C522200DF47C7 /* CoreGraphics.framework */ = {isa = PBXFileReference; lastKnownFileType = wrapper.framework; name = CoreGraphics.framework; path = System/Library/Frameworks/CoreGraphics.framework; sourceTree = SDKROOT; };
		B573F2F0194C522200DF47C7 /* UIKit.framework */ = {isa = PBXFileReference; lastKnownFileType = wrapper.framework; name = UIKit.framework; path = System/Library/Frameworks/UIKit.framework; sourceTree = SDKROOT; };
		B573F2F4194C522300DF47C7 /* TestBrowser-Info.plist */ = {isa = PBXFileReference; lastKnownFileType = text.plist.xml; path = "TestBrowser-Info.plist"; sourceTree = "<group>"; };
		B573F2F6194C522300DF47C7 /* en */ = {isa = PBXFileReference; lastKnownFileType = text.plist.strings; name = en; path = en.lproj/InfoPlist.strings; sourceTree = "<group>"; };
		B573F2F8194C522300DF47C7 /* main.m */ = {isa = PBXFileReference; lastKnownFileType = sourcecode.c.objc; path = main.m; sourceTree = "<group>"; };
		B573F2FA194C522300DF47C7 /* TestBrowser-Prefix.pch */ = {isa = PBXFileReference; lastKnownFileType = sourcecode.c.h; path = "TestBrowser-Prefix.pch"; sourceTree = "<group>"; };
		B573F2FB194C522300DF47C7 /* AppDelegate.h */ = {isa = PBXFileReference; lastKnownFileType = sourcecode.c.h; path = AppDelegate.h; sourceTree = "<group>"; };
		B573F2FC194C522300DF47C7 /* AppDelegate.m */ = {isa = PBXFileReference; lastKnownFileType = sourcecode.c.objc; path = AppDelegate.m; sourceTree = "<group>"; };
		B573F2FF194C522300DF47C7 /* Base */ = {isa = PBXFileReference; lastKnownFileType = file.storyboard; name = Base; path = Base.lproj/Main.storyboard; sourceTree = "<group>"; };
		B573F301194C522300DF47C7 /* ViewController.h */ = {isa = PBXFileReference; lastKnownFileType = sourcecode.c.h; path = ViewController.h; sourceTree = "<group>"; };
		B573F302194C522300DF47C7 /* ViewController.m */ = {isa = PBXFileReference; lastKnownFileType = sourcecode.c.objc; path = ViewController.m; sourceTree = "<group>"; };
		B573F304194C522300DF47C7 /* Images.xcassets */ = {isa = PBXFileReference; lastKnownFileType = folder.assetcatalog; path = Images.xcassets; sourceTree = "<group>"; };
		B573F30A194C522300DF47C7 /* TestBrowserTests.xctest */ = {isa = PBXFileReference; explicitFileType = wrapper.cfbundle; includeInIndex = 0; path = TestBrowserTests.xctest; sourceTree = BUILT_PRODUCTS_DIR; };
		B573F30B194C522300DF47C7 /* XCTest.framework */ = {isa = PBXFileReference; lastKnownFileType = wrapper.framework; name = XCTest.framework; path = Library/Frameworks/XCTest.framework; sourceTree = DEVELOPER_DIR; };
		B573F313194C522300DF47C7 /* TestBrowserTests-Info.plist */ = {isa = PBXFileReference; lastKnownFileType = text.plist.xml; path = "TestBrowserTests-Info.plist"; sourceTree = "<group>"; };
		B573F315194C522300DF47C7 /* en */ = {isa = PBXFileReference; lastKnownFileType = text.plist.strings; name = en; path = en.lproj/InfoPlist.strings; sourceTree = "<group>"; };
		B573F317194C522300DF47C7 /* TestBrowserTests.m */ = {isa = PBXFileReference; lastKnownFileType = sourcecode.c.objc; path = TestBrowserTests.m; sourceTree = "<group>"; };
/* End PBXFileReference section */

/* Begin PBXFrameworksBuildPhase section */
		B573F2E6194C522200DF47C7 /* Frameworks */ = {
			isa = PBXFrameworksBuildPhase;
			buildActionMask = 2147483647;
			files = (
				B573F2EF194C522200DF47C7 /* CoreGraphics.framework in Frameworks */,
				B573F2F1194C522200DF47C7 /* UIKit.framework in Frameworks */,
				B573F2ED194C522200DF47C7 /* Foundation.framework in Frameworks */,
			);
			runOnlyForDeploymentPostprocessing = 0;
		};
		B573F307194C522300DF47C7 /* Frameworks */ = {
			isa = PBXFrameworksBuildPhase;
			buildActionMask = 2147483647;
			files = (
				B573F30C194C522300DF47C7 /* XCTest.framework in Frameworks */,
				B573F30E194C522300DF47C7 /* UIKit.framework in Frameworks */,
				B573F30D194C522300DF47C7 /* Foundation.framework in Frameworks */,
			);
			runOnlyForDeploymentPostprocessing = 0;
		};
/* End PBXFrameworksBuildPhase section */

/* Begin PBXGroup section */
		B573F2E0194C522200DF47C7 = {
			isa = PBXGroup;
			children = (
				B573F2F2194C522200DF47C7 /* TestBrowser */,
				B573F311194C522300DF47C7 /* TestBrowserTests */,
				B573F2EB194C522200DF47C7 /* Frameworks */,
				B573F2EA194C522200DF47C7 /* Products */,
			);
			sourceTree = "<group>";
		};
		B573F2EA194C522200DF47C7 /* Products */ = {
			isa = PBXGroup;
			children = (
				B573F2E9194C522200DF47C7 /* TestBrowser.app */,
				B573F30A194C522300DF47C7 /* TestBrowserTests.xctest */,
			);
			name = Products;
			sourceTree = "<group>";
		};
		B573F2EB194C522200DF47C7 /* Frameworks */ = {
			isa = PBXGroup;
			children = (
				B573F2EC194C522200DF47C7 /* Foundation.framework */,
				B573F2EE194C522200DF47C7 /* CoreGraphics.framework */,
				B573F2F0194C522200DF47C7 /* UIKit.framework */,
				B573F30B194C522300DF47C7 /* XCTest.framework */,
			);
			name = Frameworks;
			sourceTree = "<group>";
		};
		B573F2F2194C522200DF47C7 /* TestBrowser */ = {
			isa = PBXGroup;
			children = (
				B573F2FB194C522300DF47C7 /* AppDelegate.h */,
				B573F2FC194C522300DF47C7 /* AppDelegate.m */,
				B573F2FE194C522300DF47C7 /* Main.storyboard */,
				0347BDE0195065D700634E6B /* HistroryPage.h */,
				0347BDE1195065D700634E6B /* HistroryPage.m */,
				B573F301194C522300DF47C7 /* ViewController.h */,
				B573F302194C522300DF47C7 /* ViewController.m */,
				B573F304194C522300DF47C7 /* Images.xcassets */,
				B573F2F3194C522300DF47C7 /* Supporting Files */,
			);
			path = TestBrowser;
			sourceTree = "<group>";
		};
		B573F2F3194C522300DF47C7 /* Supporting Files */ = {
			isa = PBXGroup;
			children = (
				B573F2F4194C522300DF47C7 /* TestBrowser-Info.plist */,
				B573F2F5194C522300DF47C7 /* InfoPlist.strings */,
				B573F2F8194C522300DF47C7 /* main.m */,
				B573F2FA194C522300DF47C7 /* TestBrowser-Prefix.pch */,
			);
			name = "Supporting Files";
			sourceTree = "<group>";
		};
		B573F311194C522300DF47C7 /* TestBrowserTests */ = {
			isa = PBXGroup;
			children = (
				B573F317194C522300DF47C7 /* TestBrowserTests.m */,
				B573F312194C522300DF47C7 /* Supporting Files */,
			);
			path = TestBrowserTests;
			sourceTree = "<group>";
		};
		B573F312194C522300DF47C7 /* Supporting Files */ = {
			isa = PBXGroup;
			children = (
				B573F313194C522300DF47C7 /* TestBrowserTests-Info.plist */,
				B573F314194C522300DF47C7 /* InfoPlist.strings */,
			);
			name = "Supporting Files";
			sourceTree = "<group>";
		};
/* End PBXGroup section */

/* Begin PBXNativeTarget section */
		B573F2E8194C522200DF47C7 /* TestBrowser */ = {
			isa = PBXNativeTarget;
			buildConfigurationList = B573F31B194C522300DF47C7 /* Build configuration list for PBXNativeTarget "TestBrowser" */;
			buildPhases = (
				B573F2E5194C522200DF47C7 /* Sources */,
				B573F2E6194C522200DF47C7 /* Frameworks */,
				B573F2E7194C522200DF47C7 /* Resources */,
			);
			buildRules = (
			);
			dependencies = (
			);
			name = TestBrowser;
			productName = TestBrowser;
			productReference = B573F2E9194C522200DF47C7 /* TestBrowser.app */;
			productType = "com.apple.product-type.application";
		};
		B573F309194C522300DF47C7 /* TestBrowserTests */ = {
			isa = PBXNativeTarget;
			buildConfigurationList = B573F31E194C522300DF47C7 /* Build configuration list for PBXNativeTarget "TestBrowserTests" */;
			buildPhases = (
				B573F306194C522300DF47C7 /* Sources */,
				B573F307194C522300DF47C7 /* Frameworks */,
				B573F308194C522300DF47C7 /* Resources */,
			);
			buildRules = (
			);
			dependencies = (
				B573F310194C522300DF47C7 /* PBXTargetDependency */,
			);
			name = TestBrowserTests;
			productName = TestBrowserTests;
			productReference = B573F30A194C522300DF47C7 /* TestBrowserTests.xctest */;
			productType = "com.apple.product-type.bundle.unit-test";
		};
/* End PBXNativeTarget section */

/* Begin PBXProject section */
		B573F2E1194C522200DF47C7 /* Project object */ = {
			isa = PBXProject;
			attributes = {
				LastUpgradeCheck = 0510;
				ORGANIZATIONNAME = "Erik Arakelyan";
				TargetAttributes = {
					B573F309194C522300DF47C7 = {
						TestTargetID = B573F2E8194C522200DF47C7;
					};
				};
			};
			buildConfigurationList = B573F2E4194C522200DF47C7 /* Build configuration list for PBXProject "TestBrowser" */;
			compatibilityVersion = "Xcode 3.2";
			developmentRegion = English;
			hasScannedForEncodings = 0;
			knownRegions = (
				en,
				Base,
			);
			mainGroup = B573F2E0194C522200DF47C7;
			productRefGroup = B573F2EA194C522200DF47C7 /* Products */;
			projectDirPath = "";
			projectRoot = "";
			targets = (
				B573F2E8194C522200DF47C7 /* TestBrowser */,
				B573F309194C522300DF47C7 /* TestBrowserTests */,
			);
		};
/* End PBXProject section */

/* Begin PBXResourcesBuildPhase section */
		B573F2E7194C522200DF47C7 /* Resources */ = {
			isa = PBXResourcesBuildPhase;
			buildActionMask = 2147483647;
			files = (
				B573F305194C522300DF47C7 /* Images.xcassets in Resources */,
				B573F2F7194C522300DF47C7 /* InfoPlist.strings in Resources */,
				B573F300194C522300DF47C7 /* Main.storyboard in Resources */,
			);
			runOnlyForDeploymentPostprocessing = 0;
		};
		B573F308194C522300DF47C7 /* Resources */ = {
			isa = PBXResourcesBuildPhase;
			buildActionMask = 2147483647;
			files = (
				B573F316194C522300DF47C7 /* InfoPlist.strings in Resources */,
			);
			runOnlyForDeploymentPostprocessing = 0;
		};
/* End PBXResourcesBuildPhase section */

/* Begin PBXSourcesBuildPhase section */
		B573F2E5194C522200DF47C7 /* Sources */ = {
			isa = PBXSourcesBuildPhase;
			buildActionMask = 2147483647;
			files = (
				B573F303194C522300DF47C7 /* ViewController.m in Sources */,
				B573F2FD194C522300DF47C7 /* AppDelegate.m in Sources */,
				0347BDE2195065D700634E6B /* HistroryPage.m in Sources */,
				B573F2F9194C522300DF47C7 /* main.m in Sources */,
			);
			runOnlyForDeploymentPostprocessing = 0;
		};
		B573F306194C522300DF47C7 /* Sources */ = {
			isa = PBXSourcesBuildPhase;
			buildActionMask = 2147483647;
			files = (
				B573F318194C522300DF47C7 /* TestBrowserTests.m in Sources */,
			);
			runOnlyForDeploymentPostprocessing = 0;
		};
/* End PBXSourcesBuildPhase section */

/* Begin PBXTargetDependency section */
		B573F310194C522300DF47C7 /* PBXTargetDependency */ = {
			isa = PBXTargetDependency;
			target = B573F2E8194C522200DF47C7 /* TestBrowser */;
			targetProxy = B573F30F194C522300DF47C7 /* PBXContainerItemProxy */;
		};
/* End PBXTargetDependency section */

/* Begin PBXVariantGroup section */
		B573F2F5194C522300DF47C7 /* InfoPlist.strings */ = {
			isa = PBXVariantGroup;
			children = (
				B573F2F6194C522300DF47C7 /* en */,
			);
			name = InfoPlist.strings;
			sourceTree = "<group>";
		};
		B573F2FE194C522300DF47C7 /* Main.storyboard */ = {
			isa = PBXVariantGroup;
			children = (
				B573F2FF194C522300DF47C7 /* Base */,
			);
			name = Main.storyboard;
			sourceTree = "<group>";
		};
		B573F314194C522300DF47C7 /* InfoPlist.strings */ = {
			isa = PBXVariantGroup;
			children = (
				B573F315194C522300DF47C7 /* en */,
			);
			name = InfoPlist.strings;
			sourceTree = "<group>";
		};
/* End PBXVariantGroup section */

/* Begin XCBuildConfiguration section */
		B573F319194C522300DF47C7 /* Debug */ = {
			isa = XCBuildConfiguration;
			buildSettings = {
				ALWAYS_SEARCH_USER_PATHS = NO;
				CLANG_CXX_LANGUAGE_STANDARD = "gnu++0x";
				CLANG_CXX_LIBRARY = "libc++";
				CLANG_ENABLE_MODULES = YES;
				CLANG_ENABLE_OBJC_ARC = YES;
				CLANG_WARN_BOOL_CONVERSION = YES;
				CLANG_WARN_CONSTANT_CONVERSION = YES;
				CLANG_WARN_DIRECT_OBJC_ISA_USAGE = YES_ERROR;
				CLANG_WARN_EMPTY_BODY = YES;
				CLANG_WARN_ENUM_CONVERSION = YES;
				CLANG_WARN_INT_CONVERSION = YES;
				CLANG_WARN_OBJC_ROOT_CLASS = YES_ERROR;
				CLANG_WARN__DUPLICATE_METHOD_MATCH = YES;
				"CODE_SIGN_IDENTITY[sdk=iphoneos*]" = "iPhone Developer";
				COPY_PHASE_STRIP = NO;
				GCC_C_LANGUAGE_STANDARD = gnu99;
				GCC_DYNAMIC_NO_PIC = NO;
				GCC_OPTIMIZATION_LEVEL = 0;
				GCC_PREPROCESSOR_DEFINITIONS = (
					"DEBUG=1",
					"$(inherited)",
				);
				GCC_SYMBOLS_PRIVATE_EXTERN = NO;
				GCC_WARN_64_TO_32_BIT_CONVERSION = YES;
				GCC_WARN_ABOUT_RETURN_TYPE = YES_ERROR;
				GCC_WARN_UNDECLARED_SELECTOR = YES;
				GCC_WARN_UNINITIALIZED_AUTOS = YES_AGGRESSIVE;
				GCC_WARN_UNUSED_FUNCTION = YES;
				GCC_WARN_UNUSED_VARIABLE = YES;
				IPHONEOS_DEPLOYMENT_TARGET = 7.1;
				ONLY_ACTIVE_ARCH = YES;
				SDKROOT = iphoneos;
			};
			name = Debug;
		};
		B573F31A194C522300DF47C7 /* Release */ = {
			isa = XCBuildConfiguration;
			buildSettings = {
				ALWAYS_SEARCH_USER_PATHS = NO;
				CLANG_CXX_LANGUAGE_STANDARD = "gnu++0x";
				CLANG_CXX_LIBRARY = "libc++";
				CLANG_ENABLE_MODULES = YES;
				CLANG_ENABLE_OBJC_ARC = YES;
				CLANG_WARN_BOOL_CONVERSION = YES;
				CLANG_WARN_CONSTANT_CONVERSION = YES;
				CLANG_WARN_DIRECT_OBJC_ISA_USAGE = YES_ERROR;
				CLANG_WARN_EMPTY_BODY = YES;
				CLANG_WARN_ENUM_CONVERSION = YES;
				CLANG_WARN_INT_CONVERSION = YES;
				CLANG_WARN_OBJC_ROOT_CLASS = YES_ERROR;
				CLANG_WARN__DUPLICATE_METHOD_MATCH = YES;
				"CODE_SIGN_IDENTITY[sdk=iphoneos*]" = "iPhone Developer";
				COPY_PHASE_STRIP = YES;
				ENABLE_NS_ASSERTIONS = NO;
				GCC_C_LANGUAGE_STANDARD = gnu99;
				GCC_WARN_64_TO_32_BIT_CONVERSION = YES;
				GCC_WARN_ABOUT_RETURN_TYPE = YES_ERROR;
				GCC_WARN_UNDECLARED_SELECTOR = YES;
				GCC_WARN_UNINITIALIZED_AUTOS = YES_AGGRESSIVE;
				GCC_WARN_UNUSED_FUNCTION = YES;
				GCC_WARN_UNUSED_VARIABLE = YES;
				IPHONEOS_DEPLOYMENT_TARGET = 7.1;
				SDKROOT = iphoneos;
				VALIDATE_PRODUCT = YES;
			};
			name = Release;
		};
		B573F31C194C522300DF47C7 /* Debug */ = {
			isa = XCBuildConfiguration;
			buildSettings = {
				ASSETCATALOG_COMPILER_APPICON_NAME = AppIcon;
				ASSETCATALOG_COMPILER_LAUNCHIMAGE_NAME = LaunchImage;
				GCC_PRECOMPILE_PREFIX_HEADER = YES;
				GCC_PREFIX_HEADER = "TestBrowser/TestBrowser-Prefix.pch";
				INFOPLIST_FILE = "TestBrowser/TestBrowser-Info.plist";
				PRODUCT_NAME = "$(TARGET_NAME)";
				WRAPPER_EXTENSION = app;
			};
			name = Debug;
		};
		B573F31D194C522300DF47C7 /* Release */ = {
			isa = XCBuildConfiguration;
			buildSettings = {
				ASSETCATALOG_COMPILER_APPICON_NAME = AppIcon;
				ASSETCATALOG_COMPILER_LAUNCHIMAGE_NAME = LaunchImage;
				GCC_PRECOMPILE_PREFIX_HEADER = YES;
				GCC_PREFIX_HEADER = "TestBrowser/TestBrowser-Prefix.pch";
				INFOPLIST_FILE = "TestBrowser/TestBrowser-Info.plist";
				PRODUCT_NAME = "$(TARGET_NAME)";
				WRAPPER_EXTENSION = app;
			};
			name = Release;
		};
		B573F31F194C522300DF47C7 /* Debug */ = {
			isa = XCBuildConfiguration;
			buildSettings = {
				BUNDLE_LOADER = "$(BUILT_PRODUCTS_DIR)/TestBrowser.app/TestBrowser";
				FRAMEWORK_SEARCH_PATHS = (
					"$(SDKROOT)/Developer/Library/Frameworks",
					"$(inherited)",
					"$(DEVELOPER_FRAMEWORKS_DIR)",
				);
				GCC_PRECOMPILE_PREFIX_HEADER = YES;
				GCC_PREFIX_HEADER = "TestBrowser/TestBrowser-Prefix.pch";
				GCC_PREPROCESSOR_DEFINITIONS = (
					"DEBUG=1",
					"$(inherited)",
				);
				INFOPLIST_FILE = "TestBrowserTests/TestBrowserTests-Info.plist";
				PRODUCT_NAME = "$(TARGET_NAME)";
				TEST_HOST = "$(BUNDLE_LOADER)";
				WRAPPER_EXTENSION = xctest;
			};
			name = Debug;
		};
		B573F320194C522300DF47C7 /* Release */ = {
			isa = XCBuildConfiguration;
			buildSettings = {
				BUNDLE_LOADER = "$(BUILT_PRODUCTS_DIR)/TestBrowser.app/TestBrowser";
				FRAMEWORK_SEARCH_PATHS = (
					"$(SDKROOT)/Developer/Library/Frameworks",
					"$(inherited)",
					"$(DEVELOPER_FRAMEWORKS_DIR)",
				);
				GCC_PRECOMPILE_PREFIX_HEADER = YES;
				GCC_PREFIX_HEADER = "TestBrowser/TestBrowser-Prefix.pch";
				INFOPLIST_FILE = "TestBrowserTests/TestBrowserTests-Info.plist";
				PRODUCT_NAME = "$(TARGET_NAME)";
				TEST_HOST = "$(BUNDLE_LOADER)";
				WRAPPER_EXTENSION = xctest;
			};
			name = Release;
		};
/* End XCBuildConfiguration section */

/* Begin XCConfigurationList section */
		B573F2E4194C522200DF47C7 /* Build configuration list for PBXProject "TestBrowser" */ = {
			isa = XCConfigurationList;
			buildConfigurations = (
				B573F319194C522300DF47C7 /* Debug */,
				B573F31A194C522300DF47C7 /* Release */,
			);
			defaultConfigurationIsVisible = 0;
			defaultConfigurationName = Release;
		};
		B573F31B194C522300DF47C7 /* Build configuration list for PBXNativeTarget "TestBrowser" */ = {
			isa = XCConfigurationList;
			buildConfigurations = (
				B573F31C194C522300DF47C7 /* Debug */,
				B573F31D194C522300DF47C7 /* Release */,
			);
			defaultConfigurationIsVisible = 0;
			defaultConfigurationName = Release;
		};
		B573F31E194C522300DF47C7 /* Build configuration list for PBXNativeTarget "TestBrowserTests" */ = {
			isa = XCConfigurationList;
			buildConfigurations = (
				B573F31F194C522300DF47C7 /* Debug */,
				B573F320194C522300DF47C7 /* Release */,
			);
			defaultConfigurationIsVisible = 0;
			defaultConfigurationName = Release;
		};
/* End XCConfigurationList section */
	};
	rootObject = B573F2E1194C522200DF47C7 /* Project object */;
}
